<?xml version="1.0" encoding="utf-8"?>
<Project ToolsVersion="4.0" xmlns="http://schemas.microsoft.com/developer/msbuild/2003">
  <ItemGroup>
    <Filter Include="소스 파일">
      <UniqueIdentifier>{4FC737F1-C7A5-4376-A066-2A32D752A2FF}</UniqueIdentifier>
      <Extensions>cpp;c;cc;cxx;def;odl;idl;hpj;bat;asm;asmx</Extensions>
    </Filter>
    <Filter Include="헤더 파일">
      <UniqueIdentifier>{93995380-89BD-4b04-88EB-625FBE52EBFB}</UniqueIdentifier>
      <Extensions>h;hh;hpp;hxx;hm;inl;inc;ipp;xsd</Extensions>
    </Filter>
    <Filter Include="GameFramWork">
      <UniqueIdentifier>{455cc547-d50e-4b5e-92a1-c16d3ff08f22}</UniqueIdentifier>
    </Filter>
    <Filter Include="GameFramWork\유틸">
      <UniqueIdentifier>{8780dd35-251c-4e52-9333-0d8bbf61735a}</UniqueIdentifier>
    </Filter>
    <Filter Include="MainGame">
      <UniqueIdentifier>{3b77f8c9-2589-4066-834e-d622c3e5424a}</UniqueIdentifier>
    </Filter>
    <Filter Include="MainGame\WinMain">
      <UniqueIdentifier>{fdada82d-a11e-480a-8878-c35fd490033c}</UniqueIdentifier>
    </Filter>
    <Filter Include="GameFramWork\매니저">
      <UniqueIdentifier>{e017e835-3055-4ce0-87a0-883a4be59864}</UniqueIdentifier>
    </Filter>
    <Filter Include="GameFramWork\Image">
      <UniqueIdentifier>{a16448c2-31d5-41c6-bc0d-5a7c98c7351e}</UniqueIdentifier>
    </Filter>
    <Filter Include="GameFramWork\Camera">
      <UniqueIdentifier>{f73f5b8c-2727-49a7-9c1b-76ce0d729304}</UniqueIdentifier>
    </Filter>
    <Filter Include="소스 파일\플레이어">
      <UniqueIdentifier>{5edb1621-3c26-49ed-9e70-1ff78a177575}</UniqueIdentifier>
    </Filter>
    <Filter Include="소스 파일\UI/아이템">
      <UniqueIdentifier>{0de87a88-c925-4cb7-a5e4-e364d7220379}</UniqueIdentifier>
    </Filter>
    <Filter Include="소스 파일\몬스터">
      <UniqueIdentifier>{bf4ab9b7-070f-4fae-aff8-a22afa66ca8f}</UniqueIdentifier>
    </Filter>
    <Filter Include="소스 파일\맵">
      <UniqueIdentifier>{debc3525-992d-44f7-8f82-386c250743ff}</UniqueIdentifier>
    </Filter>
    <Filter Include="소스 파일\보스">
      <UniqueIdentifier>{0c223f83-4b3c-44cb-832e-09bb0433c22d}</UniqueIdentifier>
    </Filter>
    <Filter Include="소스 파일\포로">
      <UniqueIdentifier>{57e079e9-79f7-42f0-8f60-cacadf5124f2}</UniqueIdentifier>
    </Filter>
    <Filter Include="소스 파일\GameObject">
      <UniqueIdentifier>{27739e9a-50e2-44a3-9e0a-a9b17afae5d4}</UniqueIdentifier>
    </Filter>
    <Filter Include="소스 파일\몬스터\잠자리">
      <UniqueIdentifier>{b5064d32-3b4c-4352-85ba-a04b7c057a2c}</UniqueIdentifier>
    </Filter>
    <Filter Include="소스 파일\몬스터\거품게">
      <UniqueIdentifier>{2d75ad83-a292-40da-bf4a-0e3f37f7b0df}</UniqueIdentifier>
    </Filter>
    <Filter Include="소스 파일\몬스터\게">
      <UniqueIdentifier>{402116b0-2ff7-48bb-84f0-6ace61b91d46}</UniqueIdentifier>
    </Filter>
  </ItemGroup>
  <ItemGroup>
    <ClInclude Include="CommomMacroFuntion.h">
      <Filter>GameFramWork\유틸</Filter>
    </ClInclude>
    <ClInclude Include="gameNode.h">
      <Filter>MainGame\WinMain</Filter>
    </ClInclude>
    <ClInclude Include="stdafx.h">
      <Filter>MainGame</Filter>
    </ClInclude>
    <ClInclude Include="SingletonBase.h">
      <Filter>GameFramWork\매니저</Filter>
    </ClInclude>
    <ClInclude Include="KeyManager.h">
      <Filter>GameFramWork\매니저</Filter>
    </ClInclude>
    <ClInclude Include="randomFunction.h">
      <Filter>GameFramWork\유틸</Filter>
    </ClInclude>
    <ClInclude Include="MainGame.h">
      <Filter>MainGame</Filter>
    </ClInclude>
    <ClInclude Include="image.h">
      <Filter>GameFramWork\Image</Filter>
    </ClInclude>
    <ClInclude Include="imageManager.h">
      <Filter>GameFramWork\매니저</Filter>
    </ClInclude>
    <ClInclude Include="Gizmo.h">
      <Filter>GameFramWork\매니저</Filter>
    </ClInclude>
    <ClInclude Include="ObjectManager.h">
      <Filter>GameFramWork\매니저</Filter>
    </ClInclude>
    <ClInclude Include="util.h">
      <Filter>GameFramWork\유틸</Filter>
    </ClInclude>
    <ClInclude Include="SceneManager.h">
      <Filter>GameFramWork\매니저</Filter>
    </ClInclude>
    <ClInclude Include="Camera.h">
      <Filter>GameFramWork\Camera</Filter>
    </ClInclude>
    <ClInclude Include="Player.h">
      <Filter>소스 파일\플레이어</Filter>
    </ClInclude>
    <ClInclude Include="Bullet.h">
      <Filter>소스 파일\플레이어</Filter>
    </ClInclude>
    <ClInclude Include="SceneMaker.h">
      <Filter>소스 파일\맵</Filter>
    </ClInclude>
    <ClInclude Include="GameObject.h">
      <Filter>소스 파일\GameObject</Filter>
    </ClInclude>
    <ClInclude Include="CommonEnemyFrame.h">
      <Filter>GameFramWork\유틸</Filter>
    </ClInclude>
    <ClInclude Include="FlyBug.h">
      <Filter>소스 파일\몬스터\잠자리</Filter>
    </ClInclude>
    <ClInclude Include="Crab.h">
      <Filter>소스 파일\몬스터\게</Filter>
    </ClInclude>
    <ClInclude Include="Bubble.h">
      <Filter>소스 파일\몬스터\게</Filter>
    </ClInclude>
    <ClInclude Include="BubbleCrab.h">
      <Filter>소스 파일\몬스터\거품게</Filter>
    </ClInclude>
  </ItemGroup>
  <ItemGroup>
    <ClCompile Include="winMain.cpp">
      <Filter>MainGame\WinMain</Filter>
    </ClCompile>
    <ClCompile Include="gameNode.cpp">
      <Filter>MainGame\WinMain</Filter>
    </ClCompile>
    <ClCompile Include="KeyManager.cpp">
      <Filter>GameFramWork\매니저</Filter>
    </ClCompile>
    <ClCompile Include="randomFunction.cpp">
      <Filter>GameFramWork\유틸</Filter>
    </ClCompile>
    <ClCompile Include="stdafx.cpp">
      <Filter>MainGame</Filter>
    </ClCompile>
    <ClCompile Include="MainGame.cpp">
      <Filter>MainGame</Filter>
    </ClCompile>
    <ClCompile Include="image.cpp">
      <Filter>GameFramWork\Image</Filter>
    </ClCompile>
    <ClCompile Include="imageManager.cpp">
      <Filter>GameFramWork\매니저</Filter>
    </ClCompile>
    <ClCompile Include="Gizmo.cpp">
      <Filter>GameFramWork\매니저</Filter>
    </ClCompile>
    <ClCompile Include="ObjectManager.cpp">
      <Filter>GameFramWork\매니저</Filter>
    </ClCompile>
    <ClCompile Include="util.cpp">
      <Filter>GameFramWork\유틸</Filter>
    </ClCompile>
    <ClCompile Include="SceneManager.cpp">
      <Filter>GameFramWork\매니저</Filter>
    </ClCompile>
    <ClCompile Include="Camera.cpp">
      <Filter>GameFramWork\Camera</Filter>
    </ClCompile>
    <ClCompile Include="Player.cpp">
      <Filter>소스 파일\플레이어</Filter>
    </ClCompile>
    <ClCompile Include="Bullet.cpp">
      <Filter>소스 파일\플레이어</Filter>
    </ClCompile>
    <ClCompile Include="SceneMaker.cpp">
      <Filter>소스 파일\맵</Filter>
    </ClCompile>
    <ClCompile Include="GameObject.cpp">
      <Filter>소스 파일\GameObject</Filter>
    </ClCompile>
    <ClCompile Include="FlyBug.cpp">
      <Filter>소스 파일\몬스터\잠자리</Filter>
    </ClCompile>
    <ClCompile Include="Crab.cpp">
      <Filter>소스 파일\몬스터\게</Filter>
    </ClCompile>
    <ClCompile Include="Bubble.cpp">
      <Filter>소스 파일\몬스터\게</Filter>
    </ClCompile>
    <ClCompile Include="BubbleCrab.cpp">
      <Filter>소스 파일\몬스터\거품게</Filter>
    </ClCompile>
  </ItemGroup>
</Project>